{
  "name": "icsd-django-frontend",
  "version": "1.0.0",
  "lockfileVersion": 3,
  "requires": true,
  "packages": {
    "": {
      "name": "icsd-django-frontend",
      "version": "1.0.0",
      "dependencies": {
        "@majidh1/jalalidatepicker": "^0.9.6",
        "bootstrap": "^5.3.3",
        "tom-select": "^2.4.1",
        "vazirmatn": "^33.0.3"
      },
      "optionalDependencies": {
        "@fontsource-variable/jetbrains-mono": "^5.1.2"
      }
    },
    "node_modules/@fontsource-variable/jetbrains-mono": {
      "version": "5.3.0",
      "resolved": "https://mirror-npm.runflare.com/@fontsource-variable/jetbrains-mono/-/jetbrains-mono-5.3.0.tgz",
      "integrity": "sha512-F32xpS2NsGYoQi2ADSkKTgpJj7ozajsGgDJ8woTnqjmIB+dxDIqImjl4pXZVEExu8UFZ2ndhmX18EBS/hdz3Lw==",
      "license": "OFL-1.1",
      "optional": true,
      "funding": {
        "url": "https://github.com/sponsors/ayuhito"
      }
    },
    "node_modules/@majidh1/jalalidatepicker": {
      "version": "0.9.12",
      "resolved": "https://mirror-npm.runflare.com/@majidh1/jalalidatepicker/-/jalalidatepicker-0.9.12.tgz",
      "integrity": "sha512-KsQ8yEXQph46CLeKxhrUvdYxD3now5EvhulDWlAOnV5YZKwX8PHcEBUy0EZUxDBgN54H9n31uy2kBMARgi7OWA==",
      "license": "MIT"
    },
    "node_modules/@orchidjs/sifter": {
      "version": "1.1.0",
      "resolved": "https://mirror-npm.runflare.com/@orchidjs/sifter/-/sifter-1.1.0.tgz",
      "integrity": "sha512-mYwHCfr736cIWWdhhSZvDbf90AKt2xyrJspKFC3qyIJG1LtrJeJunYEqCGG4Aq2ijENbc4WkOjszcvNaIAS/pQ==",
      "license": "Apache-2.0",
      "dependencies": {
        "@orchidjs/unicode-variants": "^1.1.2"
      }
    },
    "node_modules/@orchidjs/unicode-variants": {
      "version": "1.1.2",
      "resolved": "https://mirror-npm.runflare.com/@orchidjs/unicode-variants/-/unicode-variants-1.1.2.tgz",
      "integrity": "sha512-5DobW1CHgnBROOEpFlEXytED5OosEWESFvg/VYmH0143oXcijYTprRYJTs+55HzGM4IqxiLFSuqEzu9mPNwVsA==",
      "license": "Apache-2.0"
    },
    "node_modules/@popperjs/core": {
      "version": "2.11.8",
      "resolved": "https://mirror-npm.runflare.com/@popperjs/core/-/core-2.11.8.tgz",
      "integrity": "sha512-P1st0aksCrn9sGZhp8GMYwBnQsbvAWsZAX44oXNNvLHGqAOcoVxmjZiohstwQ7SqKnbR47akdNi+uleWD8+g6A==",
      "license": "MIT",
      "peer": true,
      "funding": {
        "type": "opencollective",
        "url": "https://opencollective.com/popperjs"
      }
    },
    "node_modules/bootstrap": {
      "version": "5.3.8",
      "resolved": "https://mirror-npm.runflare.com/bootstrap/-/bootstrap-5.3.8.tgz",
      "integrity": "sha512-HP1SZDqaLDPwsNiqRqi5NcP0SSXciX2s9E+RyqJIIqGo+vJeN5AJVM98CXmW/Wux0nQ5L7jeWUdplCEf0Ee+tg==",
      "funding": [
        {
          "type": "github",
          "url": "https://github.com/sponsors/twbs"
        },
        {
          "type": "opencollective",
          "url": "https://opencollective.com/bootstrap"
        }
      ],
      "license": "MIT",
      "peerDependencies": {
        "@popperjs/core": "^2.11.8"
      }
    },
    "node_modules/tom-select": {
      "version": "2.6.2",
      "resolved": "https://mirror-npm.runflare.com/tom-select/-/tom-select-2.6.2.tgz",
      "integrity": "sha512-eiXIkk82XzzUTOVQDFpy+ZGejuqdTvMukyUyeZBQaKnqW42UoTiTZnrod/eX0rkqJEc4rZY9DZ3zdjV07i29wQ==",
      "license": "Apache-2.0",
      "dependencies": {
        "@orchidjs/sifter": "^1.1.0",
        "@orchidjs/unicode-variants": "^1.1.2"
      },
      "engines": {
        "node": "*"
      },
      "funding": {
        "type": "opencollective",
        "url": "https://opencollective.com/tom-select"
      }
    },
    "node_modules/vazirmatn": {
      "version": "33.0.3",
      "resolved": "https://mirror-npm.runflare.com/vazirmatn/-/vazirmatn-33.0.3.tgz",
      "integrity": "sha512-fbjNc0CMjazZpIegWzz9OHGzI1APFboT+x7ZecXlUCtDe/nkyx7gtCTZnWS/+eeXG7fbfXymCPKJI8EsnM3iqw==",
      "license": "OFL"
    }
  }
}
